
Microsoft Visual Studio Solution File, Format Version 12.00
# Visual Studio 15
VisualStudioVersion = 15.0.27703.2018
MinimumVisualStudioVersion = 10.0.40219.1
Project("{9A19103F-16F7-4668-BE54-9A1E7A4F7556}") = "01.HelloWorld", "HelloWorld\01.HelloWorld.csproj", "{4BB9BB5C-F7CC-4F45-8407-460BD3DB9FA0}"
EndProject
Project("{9A19103F-16F7-4668-BE54-9A1E7A4F7556}") = "02.RandonCard", "RandonCard\02.RandonCard.csproj", "{9229AFFA-1A64-4E48-8DF1-148131175B0A}"
EndProject
Project("{FAE04EC0-301F-11D3-BF4B-00C04F79EFBC}") = "0X.List", "List\0X.List.csproj", "{CF095FC0-A796-4956-B5ED-E2BB4640A91D}"
EndProject
Global
	GlobalSection(SolutionConfigurationPlatforms) = preSolution
		Debug|Any CPU = Debug|Any CPU
		Release|Any CPU = Release|Any CPU
	EndGlobalSection
	GlobalSection(ProjectConfigurationPlatforms) = postSolution
		{4BB9BB5C-F7CC-4F45-8407-460BD3DB9FA0}.Debug|Any CPU.ActiveCfg = Debug|Any CPU
		{4BB9BB5C-F7CC-4F45-8407-460BD3DB9FA0}.Debug|Any CPU.Build.0 = Debug|Any CPU
		{4BB9BB5C-F7CC-4F45-8407-460BD3DB9FA0}.Release|Any CPU.ActiveCfg = Release|Any CPU
		{4BB9BB5C-F7CC-4F45-8407-460BD3DB9FA0}.Release|Any CPU.Build.0 = Release|Any CPU
		{9229AFFA-1A64-4E48-8DF1-148131175B0A}.Debug|Any CPU.ActiveCfg = Debug|Any CPU
		{9229AFFA-1A64-4E48-8DF1-148131175B0A}.Debug|Any CPU.Build.0 = Debug|Any CPU
		{9229AFFA-1A64-4E48-8DF1-148131175B0A}.Release|Any CPU.ActiveCfg = Release|Any CPU
		{9229AFFA-1A64-4E48-8DF1-148131175B0A}.Release|Any CPU.Build.0 = Release|Any CPU
		{CF095FC0-A796-4956-B5ED-E2BB4640A91D}.Debug|Any CPU.ActiveCfg = Debug|Any CPU
		{CF095FC0-A796-4956-B5ED-E2BB4640A91D}.Debug|Any CPU.Build.0 = Debug|Any CPU
		{CF095FC0-A796-4956-B5ED-E2BB4640A91D}.Release|Any CPU.ActiveCfg = Release|Any CPU
		{CF095FC0-A796-4956-B5ED-E2BB4640A91D}.Release|Any CPU.Build.0 = Release|Any CPU
	EndGlobalSection
	GlobalSection(SolutionProperties) = preSolution
		HideSolutionNode = FALSE
	EndGlobalSection
	GlobalSection(ExtensibilityGlobals) = postSolution
		SolutionGuid = {67327CE2-B1BD-45C3-B302-A05063543D59}
	EndGlobalSection
EndGlobal
